// !$*UTF8*$!
{
	archiveVersion = 1;
	classes = {
	};
	objectVersion = 46;
	objects = {

/* Begin PBXBuildFile section */
		1A9A008141742CE7245C27D3 /* DispatchQueueLogFormatter.m in Sources */ = {isa = PBXBuildFile; fileRef = 1A9A0682DC1474C09CDD216B /* DispatchQueueLogFormatter.m */; };
		1A9A00E83F200CE9A78E3FAB /* DDAbstractDatabaseLogger.m in Sources */ = {isa = PBXBuildFile; fileRef = 1A9A011904E33F1404164889 /* DDAbstractDatabaseLogger.m */; };
		1A9A061494587A9C01CB4843 /* ContextFilterLogFormatter.m in Sources */ = {isa = PBXBuildFile; fileRef = 1A9A072A12223897AEDCA848 /* ContextFilterLogFormatter.m */; };
		1A9A065B1030F10710354B6D /* DDTTYLogger.m in Sources */ = {isa = PBXBuildFile; fileRef = 1A9A0DC5D1B439262F7A92E9 /* DDTTYLogger.m */; };
		1A9A07915F6733665C7F84B7 /* AFHTTPRequestOperation.m in Sources */ = {isa = PBXBuildFile; fileRef = 1A9A0FDA270A12BF4AA151DF /* AFHTTPRequestOperation.m */; };
		1A9A080A6F3F7F697D1A17F7 /* AFXMLRequestOperation.m in Sources */ = {isa = PBXBuildFile; fileRef = 1A9A05C58E55046ACF2DFC9B /* AFXMLRequestOperation.m */; };
		1A9A091A5A27E59272FDBE6A /* AFURLConnectionOperation.m in Sources */ = {isa = PBXBuildFile; fileRef = 1A9A013FED54331FA9E35B71 /* AFURLConnectionOperation.m */; };
		1A9A0A23CEE05E84D14E48E5 /* 1 (1).jpg in Resources */ = {isa = PBXBuildFile; fileRef = 1A9A056387A96A0B59D38E07 /* 1 (1).jpg */; };
		1A9A0AA07C9C443C112B6E4E /* README.txt in Resources */ = {isa = PBXBuildFile; fileRef = 1A9A0972E3AF4F3C29EF12B0 /* README.txt */; };
		1A9A0BE08737CB8491CF033C /* AFJSONRequestOperation.m in Sources */ = {isa = PBXBuildFile; fileRef = 1A9A0F82EF6C79D42DA50525 /* AFJSONRequestOperation.m */; };
		1A9A0C41C7F1B27D67E14727 /* AFNetworkActivityIndicatorManager.m in Sources */ = {isa = PBXBuildFile; fileRef = 1A9A01E12B26A5E53AF2ECE7 /* AFNetworkActivityIndicatorManager.m */; };
		1A9A0D329302AE3A7D97F683 /* AFImageRequestOperation.m in Sources */ = {isa = PBXBuildFile; fileRef = 1A9A0A68EAA4A8221AD6A471 /* AFImageRequestOperation.m */; };
		1A9A0D70A5C351548EF0FFD7 /* UIImageView+AFNetworking.m in Sources */ = {isa = PBXBuildFile; fileRef = 1A9A09552BD59DDF41E651DF /* UIImageView+AFNetworking.m */; };
		1A9A0D77764AA6E84D34A1DF /* DDLog.m in Sources */ = {isa = PBXBuildFile; fileRef = 1A9A0495D523B1C24551DC48 /* DDLog.m */; };
		1A9A0F4CAE18C2749E244B51 /* AFHTTPClient.m in Sources */ = {isa = PBXBuildFile; fileRef = 1A9A02CE0088372C20A43F8F /* AFHTTPClient.m */; };
		1A9A0F8E9BCAC814716E2980 /* AFPropertyListRequestOperation.m in Sources */ = {isa = PBXBuildFile; fileRef = 1A9A02B85D33B9E60F7CB51E /* AFPropertyListRequestOperation.m */; };
		1A9A0FC8CC5BB46C6B369914 /* DDFileLogger.m in Sources */ = {isa = PBXBuildFile; fileRef = 1A9A0D209A31A09C2903B325 /* DDFileLogger.m */; };
		1A9A0FF042CC9AAFBEAA2013 /* DDASLLogger.m in Sources */ = {isa = PBXBuildFile; fileRef = 1A9A004742FA19F965109385 /* DDASLLogger.m */; };
		7FAB41737304A0FD736C7867 /* NSData+toBase64.m in Sources */ = {isa = PBXBuildFile; fileRef = 7FAB458FD6F90D12533525D3 /* NSData+toBase64.m */; };
		7FAB4178DFDC6B9F1FE8CE5D /* DPFacebookCommunicator.m in Sources */ = {isa = PBXBuildFile; fileRef = 7FAB4D12ED9067C926D7A27E /* DPFacebookCommunicator.m */; };
		7FAB4206E96D1E3B530E70C5 /* Default@2x.png in Resources */ = {isa = PBXBuildFile; fileRef = 7FAB47DB129EEC6C502B506F /* Default@2x.png */; };
		7FAB44CBBC6DEB303FF83FFE /* NSString+toBase64.m in Sources */ = {isa = PBXBuildFile; fileRef = 7FAB45784FB4105969A63360 /* NSString+toBase64.m */; };
		7FAB44D37BA1E6E775A6CFF5 /* DPVkontakteCommunicator.m in Sources */ = {isa = PBXBuildFile; fileRef = 7FAB472F9FFF8E4F8A6BD6BC /* DPVkontakteCommunicator.m */; };
		7FAB4698BC98C0FB503CC4B1 /* Default-568h@2x.png in Resources */ = {isa = PBXBuildFile; fileRef = 7FAB4D8013C40CABCD57D268 /* Default-568h@2x.png */; };
		7FAB490FD21A6B087E459957 /* DPFacebookUserAccount.m in Sources */ = {isa = PBXBuildFile; fileRef = 7FAB4241B7DC0A93DA5DB554 /* DPFacebookUserAccount.m */; };
		7FAB4933ECB4CADEC112984D /* main.m in Sources */ = {isa = PBXBuildFile; fileRef = 7FAB435EC4769EBECB2F7201 /* main.m */; };
		7FAB494ED08308850B203AE3 /* InfoPlist.strings in Resources */ = {isa = PBXBuildFile; fileRef = 7FAB453155D211AC59874263 /* InfoPlist.strings */; };
		7FAB4A173C1A9551BC4B5B59 /* UIKit.framework in Frameworks */ = {isa = PBXBuildFile; fileRef = 7FAB47FA5039CDFB8D80337A /* UIKit.framework */; };
		7FAB4AFEAF085BA7A8751CC8 /* Foundation.framework in Frameworks */ = {isa = PBXBuildFile; fileRef = 7FAB4F3F5F5AF5FAB52DF21D /* Foundation.framework */; };
		7FAB4BDF9A87468187AF48A7 /* ViewController.m in Sources */ = {isa = PBXBuildFile; fileRef = 7FAB4A5D2F2D1DEBB92D69FC /* ViewController.m */; };
		7FAB4C319A54B6249A9FB6B6 /* DPVkontakteUserAccount.m in Sources */ = {isa = PBXBuildFile; fileRef = 7FAB4798BFBE63D27E8B1F78 /* DPVkontakteUserAccount.m */; };
		7FAB4CA091474BB7E75F9CD2 /* DPTwitterUserAccount.m in Sources */ = {isa = PBXBuildFile; fileRef = 7FAB40D693597F4527667AB9 /* DPTwitterUserAccount.m */; };
		7FAB4DF5B3D4EAE48DF8544B /* NSString+encodeURL.m in Sources */ = {isa = PBXBuildFile; fileRef = 7FAB47451BD10270413C5338 /* NSString+encodeURL.m */; };
		7FAB4E23AE9493D0F01E8E15 /* ViewController.xib in Resources */ = {isa = PBXBuildFile; fileRef = 7FAB4A59496F21116E272145 /* ViewController.xib */; };
		7FAB4E73B29A956C906DD86D /* Default.png in Resources */ = {isa = PBXBuildFile; fileRef = 7FAB45748BAA9EAEB9110B1E /* Default.png */; };
		7FAB4EEDFD40A681CF4850CE /* DPTwitterCommunicator.m in Sources */ = {isa = PBXBuildFile; fileRef = 7FAB4F9A9E6ED74640F7B28F /* DPTwitterCommunicator.m */; };
		7FAB4EFFB2219B4EB3A54125 /* NSString+HMACSHA1.m in Sources */ = {isa = PBXBuildFile; fileRef = 7FAB4C04895DD5D14A79DD3A /* NSString+HMACSHA1.m */; };
		7FAB4F4CFB1D3DC5AA6B678C /* CoreGraphics.framework in Frameworks */ = {isa = PBXBuildFile; fileRef = 7FAB4645C193C4AFA02D41E7 /* CoreGraphics.framework */; };
		7FAB4FC1167546E6B9044EC7 /* AppDelegate.m in Sources */ = {isa = PBXBuildFile; fileRef = 7FAB4BBF0B7613AB2956691B /* AppDelegate.m */; };
/* End PBXBuildFile section */

/* Begin PBXFileReference section */
		1A9A004742FA19F965109385 /* DDASLLogger.m */ = {isa = PBXFileReference; fileEncoding = 4; lastKnownFileType = sourcecode.c.objc; path = DDASLLogger.m; sourceTree = "<group>"; };
		1A9A011904E33F1404164889 /* DDAbstractDatabaseLogger.m */ = {isa = PBXFileReference; fileEncoding = 4; lastKnownFileType = sourcecode.c.objc; path = DDAbstractDatabaseLogger.m; sourceTree = "<group>"; };
		1A9A0124BA9992B898655681 /* AFImageRequestOperation.h */ = {isa = PBXFileReference; fileEncoding = 4; lastKnownFileType = sourcecode.c.h; path = AFImageRequestOperation.h; sourceTree = "<group>"; };
		1A9A013FED54331FA9E35B71 /* AFURLConnectionOperation.m */ = {isa = PBXFileReference; fileEncoding = 4; lastKnownFileType = sourcecode.c.objc; path = AFURLConnectionOperation.m; sourceTree = "<group>"; };
		1A9A01E12B26A5E53AF2ECE7 /* AFNetworkActivityIndicatorManager.m */ = {isa = PBXFileReference; fileEncoding = 4; lastKnownFileType = sourcecode.c.objc; path = AFNetworkActivityIndicatorManager.m; sourceTree = "<group>"; };
		1A9A028699684CE33480910A /* DDASLLogger.h */ = {isa = PBXFileReference; fileEncoding = 4; lastKnownFileType = sourcecode.c.h; path = DDASLLogger.h; sourceTree = "<group>"; };
		1A9A02B85D33B9E60F7CB51E /* AFPropertyListRequestOperation.m */ = {isa = PBXFileReference; fileEncoding = 4; lastKnownFileType = sourcecode.c.objc; path = AFPropertyListRequestOperation.m; sourceTree = "<group>"; };
		1A9A02CE0088372C20A43F8F /* AFHTTPClient.m */ = {isa = PBXFileReference; fileEncoding = 4; lastKnownFileType = sourcecode.c.objc; path = AFHTTPClient.m; sourceTree = "<group>"; };
		1A9A043BF854CE1CE8C8C795 /* AFXMLRequestOperation.h */ = {isa = PBXFileReference; fileEncoding = 4; lastKnownFileType = sourcecode.c.h; path = AFXMLRequestOperation.h; sourceTree = "<group>"; };
		1A9A0495D523B1C24551DC48 /* DDLog.m */ = {isa = PBXFileReference; fileEncoding = 4; lastKnownFileType = sourcecode.c.objc; path = DDLog.m; sourceTree = "<group>"; };
		1A9A054DE854D3388D58E8D6 /* AFHTTPRequestOperation.h */ = {isa = PBXFileReference; fileEncoding = 4; lastKnownFileType = sourcecode.c.h; path = AFHTTPRequestOperation.h; sourceTree = "<group>"; };
		1A9A056387A96A0B59D38E07 /* 1 (1).jpg */ = {isa = PBXFileReference; lastKnownFileType = image.jpeg; path = "1 (1).jpg"; sourceTree = "<group>"; };
		1A9A0575C6D071048234C3D2 /* DDAbstractDatabaseLogger.h */ = {isa = PBXFileReference; fileEncoding = 4; lastKnownFileType = sourcecode.c.h; path = DDAbstractDatabaseLogger.h; sourceTree = "<group>"; };
		1A9A0597BCE9752C5CB085E7 /* AFPropertyListRequestOperation.h */ = {isa = PBXFileReference; fileEncoding = 4; lastKnownFileType = sourcecode.c.h; path = AFPropertyListRequestOperation.h; sourceTree = "<group>"; };
		1A9A05C58E55046ACF2DFC9B /* AFXMLRequestOperation.m */ = {isa = PBXFileReference; fileEncoding = 4; lastKnownFileType = sourcecode.c.objc; path = AFXMLRequestOperation.m; sourceTree = "<group>"; };
		1A9A0682DC1474C09CDD216B /* DispatchQueueLogFormatter.m */ = {isa = PBXFileReference; fileEncoding = 4; lastKnownFileType = sourcecode.c.objc; path = DispatchQueueLogFormatter.m; sourceTree = "<group>"; };
		1A9A0725977366B37E298CF3 /* ContextFilterLogFormatter.h */ = {isa = PBXFileReference; fileEncoding = 4; lastKnownFileType = sourcecode.c.h; path = ContextFilterLogFormatter.h; sourceTree = "<group>"; };
		1A9A072A12223897AEDCA848 /* ContextFilterLogFormatter.m */ = {isa = PBXFileReference; fileEncoding = 4; lastKnownFileType = sourcecode.c.objc; path = ContextFilterLogFormatter.m; sourceTree = "<group>"; };
		1A9A0758115AEA797EB9639C /* AFHTTPClient.h */ = {isa = PBXFileReference; fileEncoding = 4; lastKnownFileType = sourcecode.c.h; path = AFHTTPClient.h; sourceTree = "<group>"; };
		1A9A076AE232F29E0B709DEF /* AFNetworking.h */ = {isa = PBXFileReference; fileEncoding = 4; lastKnownFileType = sourcecode.c.h; path = AFNetworking.h; sourceTree = "<group>"; };
		1A9A09552BD59DDF41E651DF /* UIImageView+AFNetworking.m */ = {isa = PBXFileReference; fileEncoding = 4; lastKnownFileType = sourcecode.c.objc; path = "UIImageView+AFNetworking.m"; sourceTree = "<group>"; };
		1A9A0972E3AF4F3C29EF12B0 /* README.txt */ = {isa = PBXFileReference; fileEncoding = 4; lastKnownFileType = text; path = README.txt; sourceTree = "<group>"; };
		1A9A097F5B64BB9E4BA217D9 /* DDTTYLogger.h */ = {isa = PBXFileReference; fileEncoding = 4; lastKnownFileType = sourcecode.c.h; path = DDTTYLogger.h; sourceTree = "<group>"; };
		1A9A0A076F360D7A6C96AF0D /* DDFileLogger.h */ = {isa = PBXFileReference; fileEncoding = 4; lastKnownFileType = sourcecode.c.h; path = DDFileLogger.h; sourceTree = "<group>"; };
		1A9A0A584889E4137C359ECF /* UIImageView+AFNetworking.h */ = {isa = PBXFileReference; fileEncoding = 4; lastKnownFileType = sourcecode.c.h; path = "UIImageView+AFNetworking.h"; sourceTree = "<group>"; };
		1A9A0A68EAA4A8221AD6A471 /* AFImageRequestOperation.m */ = {isa = PBXFileReference; fileEncoding = 4; lastKnownFileType = sourcecode.c.objc; path = AFImageRequestOperation.m; sourceTree = "<group>"; };
		1A9A0C83AC318A44A2AAA5E0 /* DDLog.h */ = {isa = PBXFileReference; fileEncoding = 4; lastKnownFileType = sourcecode.c.h; path = DDLog.h; sourceTree = "<group>"; };
		1A9A0D209A31A09C2903B325 /* DDFileLogger.m */ = {isa = PBXFileReference; fileEncoding = 4; lastKnownFileType = sourcecode.c.objc; path = DDFileLogger.m; sourceTree = "<group>"; };
		1A9A0D2C7B81A7E7C0C3C3B6 /* AFNetworkActivityIndicatorManager.h */ = {isa = PBXFileReference; fileEncoding = 4; lastKnownFileType = sourcecode.c.h; path = AFNetworkActivityIndicatorManager.h; sourceTree = "<group>"; };
		1A9A0D44ABCEB407F77731C6 /* AFJSONRequestOperation.h */ = {isa = PBXFileReference; fileEncoding = 4; lastKnownFileType = sourcecode.c.h; path = AFJSONRequestOperation.h; sourceTree = "<group>"; };
		1A9A0DC5D1B439262F7A92E9 /* DDTTYLogger.m */ = {isa = PBXFileReference; fileEncoding = 4; lastKnownFileType = sourcecode.c.objc; path = DDTTYLogger.m; sourceTree = "<group>"; };
		1A9A0DF531E09CB3A388A228 /* AFURLConnectionOperation.h */ = {isa = PBXFileReference; fileEncoding = 4; lastKnownFileType = sourcecode.c.h; path = AFURLConnectionOperation.h; sourceTree = "<group>"; };
		1A9A0F0B95EF55DAB93C04A3 /* DispatchQueueLogFormatter.h */ = {isa = PBXFileReference; fileEncoding = 4; lastKnownFileType = sourcecode.c.h; path = DispatchQueueLogFormatter.h; sourceTree = "<group>"; };
		1A9A0F82EF6C79D42DA50525 /* AFJSONRequestOperation.m */ = {isa = PBXFileReference; fileEncoding = 4; lastKnownFileType = sourcecode.c.objc; path = AFJSONRequestOperation.m; sourceTree = "<group>"; };
		1A9A0FDA270A12BF4AA151DF /* AFHTTPRequestOperation.m */ = {isa = PBXFileReference; fileEncoding = 4; lastKnownFileType = sourcecode.c.objc; path = AFHTTPRequestOperation.m; sourceTree = "<group>"; };
		7FAB4011DD80CFD31A9E6FFA /* DPVkontakteCommunicator.h */ = {isa = PBXFileReference; fileEncoding = 4; lastKnownFileType = sourcecode.c.h; path = DPVkontakteCommunicator.h; sourceTree = "<group>"; };
		7FAB40D693597F4527667AB9 /* DPTwitterUserAccount.m */ = {isa = PBXFileReference; fileEncoding = 4; lastKnownFileType = sourcecode.c.objc; path = DPTwitterUserAccount.m; sourceTree = "<group>"; };
		7FAB4222B015885464BA9C91 /* AppDelegate.h */ = {isa = PBXFileReference; lastKnownFileType = sourcecode.c.h; path = AppDelegate.h; sourceTree = "<group>"; };
		7FAB4241B7DC0A93DA5DB554 /* DPFacebookUserAccount.m */ = {isa = PBXFileReference; fileEncoding = 4; lastKnownFileType = sourcecode.c.objc; path = DPFacebookUserAccount.m; sourceTree = "<group>"; };
		7FAB42716523485AEB8F00C3 /* en */ = {isa = PBXFileReference; lastKnownFileType = text.plist.strings; name = en; path = en.lproj/InfoPlist.strings; sourceTree = "<group>"; };
		7FAB432447975630246B3D74 /* en */ = {isa = PBXFileReference; lastKnownFileType = file.xib; name = en; path = en.lproj/ViewController.xib; sourceTree = "<group>"; };
		7FAB435EC4769EBECB2F7201 /* main.m */ = {isa = PBXFileReference; lastKnownFileType = sourcecode.c.objc; path = main.m; sourceTree = "<group>"; };
		7FAB43AA4CD50AB9881DB70D /* DPTwitterUserAccount.h */ = {isa = PBXFileReference; fileEncoding = 4; lastKnownFileType = sourcecode.c.h; path = DPTwitterUserAccount.h; sourceTree = "<group>"; };
		7FAB43D8AA8C0D9E1307B23D /* DPFacebookUserAccount.h */ = {isa = PBXFileReference; fileEncoding = 4; lastKnownFileType = sourcecode.c.h; path = DPFacebookUserAccount.h; sourceTree = "<group>"; };
		7FAB4441FC1590651C4BE4D0 /* DPTwitterCommunicator.h */ = {isa = PBXFileReference; fileEncoding = 4; lastKnownFileType = sourcecode.c.h; path = DPTwitterCommunicator.h; sourceTree = "<group>"; };
		7FAB45748BAA9EAEB9110B1E /* Default.png */ = {isa = PBXFileReference; lastKnownFileType = image.png; path = Default.png; sourceTree = "<group>"; };
		7FAB45784FB4105969A63360 /* NSString+toBase64.m */ = {isa = PBXFileReference; fileEncoding = 4; lastKnownFileType = sourcecode.c.objc; path = "NSString+toBase64.m"; sourceTree = "<group>"; };
		7FAB458FD6F90D12533525D3 /* NSData+toBase64.m */ = {isa = PBXFileReference; fileEncoding = 4; lastKnownFileType = sourcecode.c.objc; path = "NSData+toBase64.m"; sourceTree = "<group>"; };
		7FAB4645C193C4AFA02D41E7 /* CoreGraphics.framework */ = {isa = PBXFileReference; lastKnownFileType = wrapper.framework; name = CoreGraphics.framework; path = System/Library/Frameworks/CoreGraphics.framework; sourceTree = SDKROOT; };
		7FAB472F9FFF8E4F8A6BD6BC /* DPVkontakteCommunicator.m */ = {isa = PBXFileReference; fileEncoding = 4; lastKnownFileType = sourcecode.c.objc; path = DPVkontakteCommunicator.m; sourceTree = "<group>"; };
		7FAB47451BD10270413C5338 /* NSString+encodeURL.m */ = {isa = PBXFileReference; fileEncoding = 4; lastKnownFileType = sourcecode.c.objc; path = "NSString+encodeURL.m"; sourceTree = "<group>"; };
		7FAB4798BFBE63D27E8B1F78 /* DPVkontakteUserAccount.m */ = {isa = PBXFileReference; fileEncoding = 4; lastKnownFileType = sourcecode.c.objc; path = DPVkontakteUserAccount.m; sourceTree = "<group>"; };
		7FAB47DB129EEC6C502B506F /* Default@2x.png */ = {isa = PBXFileReference; lastKnownFileType = image.png; path = "Default@2x.png"; sourceTree = "<group>"; };
		7FAB47FA5039CDFB8D80337A /* UIKit.framework */ = {isa = PBXFileReference; lastKnownFileType = wrapper.framework; name = UIKit.framework; path = System/Library/Frameworks/UIKit.framework; sourceTree = SDKROOT; };
		7FAB4811C7AFDF749E2D7FD0 /* DPSocialServices-Info.plist */ = {isa = PBXFileReference; lastKnownFileType = text.plist.info; path = "DPSocialServices-Info.plist"; sourceTree = "<group>"; };
		7FAB482276458EF81B6BC98C /* NSData+toBase64.h */ = {isa = PBXFileReference; fileEncoding = 4; lastKnownFileType = sourcecode.c.h; path = "NSData+toBase64.h"; sourceTree = "<group>"; };
		7FAB4A5D2F2D1DEBB92D69FC /* ViewController.m */ = {isa = PBXFileReference; lastKnownFileType = sourcecode.c.objc; path = ViewController.m; sourceTree = "<group>"; };
		7FAB4AC9CBF8D54E63EAA6FD /* NSString+HMACSHA1.h */ = {isa = PBXFileReference; fileEncoding = 4; lastKnownFileType = sourcecode.c.h; path = "NSString+HMACSHA1.h"; sourceTree = "<group>"; };
		7FAB4BBF0B7613AB2956691B /* AppDelegate.m */ = {isa = PBXFileReference; lastKnownFileType = sourcecode.c.objc; path = AppDelegate.m; sourceTree = "<group>"; };
		7FAB4C04895DD5D14A79DD3A /* NSString+HMACSHA1.m */ = {isa = PBXFileReference; fileEncoding = 4; lastKnownFileType = sourcecode.c.objc; path = "NSString+HMACSHA1.m"; sourceTree = "<group>"; };
		7FAB4CFC25D3C50D3BF1649D /* ViewController.h */ = {isa = PBXFileReference; lastKnownFileType = sourcecode.c.h; path = ViewController.h; sourceTree = "<group>"; };
		7FAB4D12ED9067C926D7A27E /* DPFacebookCommunicator.m */ = {isa = PBXFileReference; fileEncoding = 4; lastKnownFileType = sourcecode.c.objc; path = DPFacebookCommunicator.m; sourceTree = "<group>"; };
		7FAB4D8013C40CABCD57D268 /* Default-568h@2x.png */ = {isa = PBXFileReference; lastKnownFileType = image.png; path = "Default-568h@2x.png"; sourceTree = "<group>"; };
		7FAB4E7D9F1511D1B24A87AA /* DPFacebookCommunicator.h */ = {isa = PBXFileReference; fileEncoding = 4; lastKnownFileType = sourcecode.c.h; path = DPFacebookCommunicator.h; sourceTree = "<group>"; };
		7FAB4ED25A9F1A98F2534BAE /* NSString+toBase64.h */ = {isa = PBXFileReference; fileEncoding = 4; lastKnownFileType = sourcecode.c.h; path = "NSString+toBase64.h"; sourceTree = "<group>"; };
		7FAB4F068FA646E51730EE6C /* NSString+encodeURL.h */ = {isa = PBXFileReference; fileEncoding = 4; lastKnownFileType = sourcecode.c.h; path = "NSString+encodeURL.h"; sourceTree = "<group>"; };
		7FAB4F3F5F5AF5FAB52DF21D /* Foundation.framework */ = {isa = PBXFileReference; lastKnownFileType = wrapper.framework; name = Foundation.framework; path = System/Library/Frameworks/Foundation.framework; sourceTree = SDKROOT; };
		7FAB4F493F3B520B304207A7 /* DPVkontakteUserAccount.h */ = {isa = PBXFileReference; fileEncoding = 4; lastKnownFileType = sourcecode.c.h; path = DPVkontakteUserAccount.h; sourceTree = "<group>"; };
		7FAB4F8188B42A7224BFAA9F /* DPSocialServices-Prefix.pch */ = {isa = PBXFileReference; lastKnownFileType = sourcecode.c.h; path = "DPSocialServices-Prefix.pch"; sourceTree = "<group>"; };
		7FAB4F9A9E6ED74640F7B28F /* DPTwitterCommunicator.m */ = {isa = PBXFileReference; fileEncoding = 4; lastKnownFileType = sourcecode.c.objc; path = DPTwitterCommunicator.m; sourceTree = "<group>"; };
/* End PBXFileReference section */

/* Begin PBXFrameworksBuildPhase section */
		7FAB43D039A700DBBB982CE9 /* Frameworks */ = {
			isa = PBXFrameworksBuildPhase;
			buildActionMask = 2147483647;
			files = (
				7FAB4A173C1A9551BC4B5B59 /* UIKit.framework in Frameworks */,
				7FAB4AFEAF085BA7A8751CC8 /* Foundation.framework in Frameworks */,
				7FAB4F4CFB1D3DC5AA6B678C /* CoreGraphics.framework in Frameworks */,
			);
			runOnlyForDeploymentPostprocessing = 0;
		};
/* End PBXFrameworksBuildPhase section */

/* Begin PBXGroup section */
		1A9A02D218BB41C8C6AFF9C5 /* AFNetworking */ = {
			isa = PBXGroup;
			children = (
				1A9A0758115AEA797EB9639C /* AFHTTPClient.h */,
				1A9A02CE0088372C20A43F8F /* AFHTTPClient.m */,
				1A9A076AE232F29E0B709DEF /* AFNetworking.h */,
				1A9A043BF854CE1CE8C8C795 /* AFXMLRequestOperation.h */,
				1A9A05C58E55046ACF2DFC9B /* AFXMLRequestOperation.m */,
				1A9A054DE854D3388D58E8D6 /* AFHTTPRequestOperation.h */,
				1A9A0FDA270A12BF4AA151DF /* AFHTTPRequestOperation.m */,
				1A9A0D44ABCEB407F77731C6 /* AFJSONRequestOperation.h */,
				1A9A0F82EF6C79D42DA50525 /* AFJSONRequestOperation.m */,
				1A9A0124BA9992B898655681 /* AFImageRequestOperation.h */,
				1A9A0A68EAA4A8221AD6A471 /* AFImageRequestOperation.m */,
				1A9A0DF531E09CB3A388A228 /* AFURLConnectionOperation.h */,
				1A9A013FED54331FA9E35B71 /* AFURLConnectionOperation.m */,
				1A9A0A584889E4137C359ECF /* UIImageView+AFNetworking.h */,
				1A9A09552BD59DDF41E651DF /* UIImageView+AFNetworking.m */,
				1A9A0597BCE9752C5CB085E7 /* AFPropertyListRequestOperation.h */,
				1A9A02B85D33B9E60F7CB51E /* AFPropertyListRequestOperation.m */,
				1A9A0D2C7B81A7E7C0C3C3B6 /* AFNetworkActivityIndicatorManager.h */,
				1A9A01E12B26A5E53AF2ECE7 /* AFNetworkActivityIndicatorManager.m */,
			);
			path = AFNetworking;
			sourceTree = "<group>";
		};
		1A9A07012250A7353B23754F /* Images */ = {
			isa = PBXGroup;
			children = (
				1A9A056387A96A0B59D38E07 /* 1 (1).jpg */,
			);
			path = Images;
			sourceTree = "<group>";
		};
		1A9A0727CC4BC0DAFE9632B1 /* Lumberjack */ = {
			isa = PBXGroup;
			children = (
				1A9A0C83AC318A44A2AAA5E0 /* DDLog.h */,
				1A9A0495D523B1C24551DC48 /* DDLog.m */,
				1A9A0E7A584CD5E8CAA78E73 /* Extensions */,
				1A9A028699684CE33480910A /* DDASLLogger.h */,
				1A9A004742FA19F965109385 /* DDASLLogger.m */,
				1A9A097F5B64BB9E4BA217D9 /* DDTTYLogger.h */,
				1A9A0DC5D1B439262F7A92E9 /* DDTTYLogger.m */,
				1A9A0A076F360D7A6C96AF0D /* DDFileLogger.h */,
				1A9A0D209A31A09C2903B325 /* DDFileLogger.m */,
				1A9A0575C6D071048234C3D2 /* DDAbstractDatabaseLogger.h */,
				1A9A011904E33F1404164889 /* DDAbstractDatabaseLogger.m */,
			);
			path = Lumberjack;
			sourceTree = "<group>";
		};
		1A9A0E7A584CD5E8CAA78E73 /* Extensions */ = {
			isa = PBXGroup;
			children = (
				1A9A0972E3AF4F3C29EF12B0 /* README.txt */,
				1A9A0725977366B37E298CF3 /* ContextFilterLogFormatter.h */,
				1A9A072A12223897AEDCA848 /* ContextFilterLogFormatter.m */,
				1A9A0F0B95EF55DAB93C04A3 /* DispatchQueueLogFormatter.h */,
				1A9A0682DC1474C09CDD216B /* DispatchQueueLogFormatter.m */,
			);
			path = Extensions;
			sourceTree = "<group>";
		};
		7FAB42B22F25FDDDD847E0A5 /* FacebookCommunicator */ = {
			isa = PBXGroup;
			children = (
				7FAB43D8AA8C0D9E1307B23D /* DPFacebookUserAccount.h */,
				7FAB4241B7DC0A93DA5DB554 /* DPFacebookUserAccount.m */,
				7FAB4E7D9F1511D1B24A87AA /* DPFacebookCommunicator.h */,
				7FAB4D12ED9067C926D7A27E /* DPFacebookCommunicator.m */,
			);
			path = FacebookCommunicator;
			sourceTree = "<group>";
		};
		7FAB44CC271111151465A226 /* Products */ = {
			isa = PBXGroup;
			children = (
			);
			name = Products;
			sourceTree = "<group>";
		};
		7FAB46468FE6A87866415187 /* Frameworks */ = {
			isa = PBXGroup;
			children = (
				7FAB47FA5039CDFB8D80337A /* UIKit.framework */,
				7FAB4F3F5F5AF5FAB52DF21D /* Foundation.framework */,
				7FAB4645C193C4AFA02D41E7 /* CoreGraphics.framework */,
			);
			name = Frameworks;
			sourceTree = "<group>";
		};
		7FAB467B46A41DF74E092432 /* Supporting Files */ = {
			isa = PBXGroup;
			children = (
				7FAB4811C7AFDF749E2D7FD0 /* DPSocialServices-Info.plist */,
				7FAB453155D211AC59874263 /* InfoPlist.strings */,
				7FAB435EC4769EBECB2F7201 /* main.m */,
				7FAB4F8188B42A7224BFAA9F /* DPSocialServices-Prefix.pch */,
				7FAB45748BAA9EAEB9110B1E /* Default.png */,
				7FAB47DB129EEC6C502B506F /* Default@2x.png */,
				7FAB4D8013C40CABCD57D268 /* Default-568h@2x.png */,
			);
			name = "Supporting Files";
			sourceTree = "<group>";
		};
		7FAB472B8FB36D21EA73861F /* SocialServices */ = {
			isa = PBXGroup;
			children = (
				7FAB485EE437F0C880876CCE /* Helpers */,
				7FAB49E58A29B941BEAA4CE7 /* TwitterCommunicator */,
				7FAB42B22F25FDDDD847E0A5 /* FacebookCommunicator */,
				7FAB4AE7381E0537060B925A /* VkontakteCommunicator */,
			);
			name = SocialServices;
			path = DPSocialServices/SocialServices;
			sourceTree = "<group>";
		};
		7FAB485EE437F0C880876CCE /* Helpers */ = {
			isa = PBXGroup;
			children = (
				7FAB482276458EF81B6BC98C /* NSData+toBase64.h */,
				7FAB458FD6F90D12533525D3 /* NSData+toBase64.m */,
				7FAB4AC9CBF8D54E63EAA6FD /* NSString+HMACSHA1.h */,
				7FAB4C04895DD5D14A79DD3A /* NSString+HMACSHA1.m */,
				7FAB4ED25A9F1A98F2534BAE /* NSString+toBase64.h */,
				7FAB45784FB4105969A63360 /* NSString+toBase64.m */,
				7FAB4F068FA646E51730EE6C /* NSString+encodeURL.h */,
				7FAB47451BD10270413C5338 /* NSString+encodeURL.m */,
				1A9A02D218BB41C8C6AFF9C5 /* AFNetworking */,
				1A9A0727CC4BC0DAFE9632B1 /* Lumberjack */,
			);
			path = Helpers;
			sourceTree = "<group>";
		};
		7FAB48E9E837CCA773278AF9 /* DPSocialServices */ = {
			isa = PBXGroup;
			children = (
				7FAB467B46A41DF74E092432 /* Supporting Files */,
				7FAB4222B015885464BA9C91 /* AppDelegate.h */,
				7FAB4BBF0B7613AB2956691B /* AppDelegate.m */,
				7FAB4CFC25D3C50D3BF1649D /* ViewController.h */,
				7FAB4A5D2F2D1DEBB92D69FC /* ViewController.m */,
				7FAB4A59496F21116E272145 /* ViewController.xib */,
			);
			path = DPSocialServices;
			sourceTree = "<group>";
		};
		7FAB49E58A29B941BEAA4CE7 /* TwitterCommunicator */ = {
			isa = PBXGroup;
			children = (
				7FAB43AA4CD50AB9881DB70D /* DPTwitterUserAccount.h */,
				7FAB40D693597F4527667AB9 /* DPTwitterUserAccount.m */,
				7FAB4441FC1590651C4BE4D0 /* DPTwitterCommunicator.h */,
				7FAB4F9A9E6ED74640F7B28F /* DPTwitterCommunicator.m */,
			);
			path = TwitterCommunicator;
			sourceTree = "<group>";
		};
		7FAB4AE7381E0537060B925A /* VkontakteCommunicator */ = {
			isa = PBXGroup;
			children = (
				7FAB4F493F3B520B304207A7 /* DPVkontakteUserAccount.h */,
				7FAB4798BFBE63D27E8B1F78 /* DPVkontakteUserAccount.m */,
				7FAB4011DD80CFD31A9E6FFA /* DPVkontakteCommunicator.h */,
				7FAB472F9FFF8E4F8A6BD6BC /* DPVkontakteCommunicator.m */,
			);
			path = VkontakteCommunicator;
			sourceTree = "<group>";
		};
		7FAB4D55A39E1F790AA9CED6 = {
			isa = PBXGroup;
			children = (
				7FAB44CC271111151465A226 /* Products */,
				7FAB46468FE6A87866415187 /* Frameworks */,
				7FAB48E9E837CCA773278AF9 /* DPSocialServices */,
				7FAB472B8FB36D21EA73861F /* SocialServices */,
				1A9A07012250A7353B23754F /* Images */,
			);
			sourceTree = "<group>";
		};
/* End PBXGroup section */

/* Begin PBXNativeTarget section */
		7FAB44199EB852F9B132C3F4 /* DPSocialServices */ = {
			isa = PBXNativeTarget;
			buildConfigurationList = 7FAB49D76BE67AA4612E7BC3 /* Build configuration list for PBXNativeTarget "DPSocialServices" */;
			buildPhases = (
				7FAB4BD8691F41FD92A7BD06 /* Sources */,
				7FAB43D039A700DBBB982CE9 /* Frameworks */,
				7FAB44FB57DC0A937992C089 /* Resources */,
			);
			buildRules = (
			);
			dependencies = (
			);
			name = DPSocialServices;
			productName = DPSocialServices;
			productType = "com.apple.product-type.application";
		};
/* End PBXNativeTarget section */

/* Begin PBXProject section */
		7FAB4C1E3995B6BCC053DF2E /* Project object */ = {
			isa = PBXProject;
			buildConfigurationList = 7FAB4363E4869DEB43097026 /* Build configuration list for PBXProject "DPSocialServices" */;
			compatibilityVersion = "Xcode 3.2";
			developmentRegion = English;
			hasScannedForEncodings = 0;
			knownRegions = (
				en,
			);
			mainGroup = 7FAB4D55A39E1F790AA9CED6;
			productRefGroup = 7FAB44CC271111151465A226 /* Products */;
			projectDirPath = "";
			projectRoot = "";
			targets = (
				7FAB44199EB852F9B132C3F4 /* DPSocialServices */,
			);
		};
/* End PBXProject section */

/* Begin PBXResourcesBuildPhase section */
		7FAB44FB57DC0A937992C089 /* Resources */ = {
			isa = PBXResourcesBuildPhase;
			buildActionMask = 2147483647;
			files = (
				7FAB494ED08308850B203AE3 /* InfoPlist.strings in Resources */,
				7FAB4E73B29A956C906DD86D /* Default.png in Resources */,
				7FAB4206E96D1E3B530E70C5 /* Default@2x.png in Resources */,
				7FAB4698BC98C0FB503CC4B1 /* Default-568h@2x.png in Resources */,
				7FAB4E23AE9493D0F01E8E15 /* ViewController.xib in Resources */,
				1A9A0A23CEE05E84D14E48E5 /* 1 (1).jpg in Resources */,
				1A9A0AA07C9C443C112B6E4E /* README.txt in Resources */,
			);
			runOnlyForDeploymentPostprocessing = 0;
		};
/* End PBXResourcesBuildPhase section */

/* Begin PBXSourcesBuildPhase section */
		7FAB4BD8691F41FD92A7BD06 /* Sources */ = {
			isa = PBXSourcesBuildPhase;
			buildActionMask = 2147483647;
			files = (
				7FAB4933ECB4CADEC112984D /* main.m in Sources */,
				7FAB4FC1167546E6B9044EC7 /* AppDelegate.m in Sources */,
				7FAB4BDF9A87468187AF48A7 /* ViewController.m in Sources */,
				7FAB41737304A0FD736C7867 /* NSData+toBase64.m in Sources */,
				7FAB4EFFB2219B4EB3A54125 /* NSString+HMACSHA1.m in Sources */,
				7FAB44CBBC6DEB303FF83FFE /* NSString+toBase64.m in Sources */,
				7FAB4DF5B3D4EAE48DF8544B /* NSString+encodeURL.m in Sources */,
				7FAB4CA091474BB7E75F9CD2 /* DPTwitterUserAccount.m in Sources */,
				7FAB4EEDFD40A681CF4850CE /* DPTwitterCommunicator.m in Sources */,
				7FAB490FD21A6B087E459957 /* DPFacebookUserAccount.m in Sources */,
				7FAB4178DFDC6B9F1FE8CE5D /* DPFacebookCommunicator.m in Sources */,
				7FAB4C319A54B6249A9FB6B6 /* DPVkontakteUserAccount.m in Sources */,
				7FAB44D37BA1E6E775A6CFF5 /* DPVkontakteCommunicator.m in Sources */,
				1A9A0F4CAE18C2749E244B51 /* AFHTTPClient.m in Sources */,
				1A9A080A6F3F7F697D1A17F7 /* AFXMLRequestOperation.m in Sources */,
				1A9A07915F6733665C7F84B7 /* AFHTTPRequestOperation.m in Sources */,
				1A9A0BE08737CB8491CF033C /* AFJSONRequestOperation.m in Sources */,
				1A9A0D329302AE3A7D97F683 /* AFImageRequestOperation.m in Sources */,
				1A9A091A5A27E59272FDBE6A /* AFURLConnectionOperation.m in Sources */,
				1A9A0D70A5C351548EF0FFD7 /* UIImageView+AFNetworking.m in Sources */,
				1A9A0F8E9BCAC814716E2980 /* AFPropertyListRequestOperation.m in Sources */,
				1A9A0C41C7F1B27D67E14727 /* AFNetworkActivityIndicatorManager.m in Sources */,
				1A9A0D77764AA6E84D34A1DF /* DDLog.m in Sources */,
				1A9A061494587A9C01CB4843 /* ContextFilterLogFormatter.m in Sources */,
				1A9A008141742CE7245C27D3 /* DispatchQueueLogFormatter.m in Sources */,
				1A9A0FF042CC9AAFBEAA2013 /* DDASLLogger.m in Sources */,
				1A9A065B1030F10710354B6D /* DDTTYLogger.m in Sources */,
				1A9A0FC8CC5BB46C6B369914 /* DDFileLogger.m in Sources */,
				1A9A00E83F200CE9A78E3FAB /* DDAbstractDatabaseLogger.m in Sources */,
			);
			runOnlyForDeploymentPostprocessing = 0;
		};
/* End PBXSourcesBuildPhase section */

/* Begin PBXVariantGroup section */
		7FAB453155D211AC59874263 /* InfoPlist.strings */ = {
			isa = PBXVariantGroup;
			children = (
				7FAB42716523485AEB8F00C3 /* en */,
			);
			name = InfoPlist.strings;
			sourceTree = "<group>";
		};
		7FAB4A59496F21116E272145 /* ViewController.xib */ = {
			isa = PBXVariantGroup;
			children = (
				7FAB432447975630246B3D74 /* en */,
			);
			name = ViewController.xib;
			sourceTree = "<group>";
		};
/* End PBXVariantGroup section */

/* Begin XCBuildConfiguration section */
		7FAB47C2AB9E69564CCB57CD /* Release */ = {
			isa = XCBuildConfiguration;
			buildSettings = {
				GCC_PRECOMPILE_PREFIX_HEADER = YES;
				GCC_PREFIX_HEADER = "DPSocialServices/DPSocialServices-Prefix.pch";
				INFOPLIST_FILE = "DPSocialServices/DPSocialServices-Info.plist";
				PRODUCT_NAME = "$(TARGET_NAME)";
				WRAPPER_EXTENSION = app;
			};
			name = Release;
		};
		7FAB4AE7E04A458F3EEBAC03 /* Release */ = {
			isa = XCBuildConfiguration;
			buildSettings = {
				ALWAYS_SEARCH_USER_PATHS = NO;
				CLANG_CXX_LANGUAGE_STANDARD = "gnu++0x";
				CLANG_CXX_LIBRARY = "libc++";
				CLANG_ENABLE_OBJC_ARC = YES;
				CLANG_WARN_CONSTANT_CONVERSION = YES;
				CLANG_WARN_EMPTY_BODY = YES;
				CLANG_WARN_ENUM_CONVERSION = YES;
				CLANG_WARN_INT_CONVERSION = YES;
				CLANG_WARN__DUPLICATE_METHOD_MATCH = YES;
				"CODE_SIGN_IDENTITY[sdk=iphoneos*]" = "iPhone Developer";
				COPY_PHASE_STRIP = YES;
				GCC_C_LANGUAGE_STANDARD = gnu99;
				GCC_WARN_ABOUT_RETURN_TYPE = YES;
				GCC_WARN_UNINITIALIZED_AUTOS = YES;
				GCC_WARN_UNUSED_VARIABLE = YES;
				IPHONEOS_DEPLOYMENT_TARGET = 6.1;
				OTHER_CFLAGS = "-DNS_BLOCK_ASSERTIONS=1";
				SDKROOT = iphoneos;
				VALIDATE_PRODUCT = YES;
			};
			name = Release;
		};
		7FAB4DB424F86AF4F127FBA5 /* Debug */ = {
			isa = XCBuildConfiguration;
			buildSettings = {
				ALWAYS_SEARCH_USER_PATHS = NO;
				CLANG_CXX_LANGUAGE_STANDARD = "gnu++0x";
				CLANG_CXX_LIBRARY = "libc++";
				CLANG_ENABLE_OBJC_ARC = YES;
				CLANG_WARN_CONSTANT_CONVERSION = YES;
				CLANG_WARN_EMPTY_BODY = YES;
				CLANG_WARN_ENUM_CONVERSION = YES;
				CLANG_WARN_INT_CONVERSION = YES;
				CLANG_WARN__DUPLICATE_METHOD_MATCH = YES;
				"CODE_SIGN_IDENTITY[sdk=iphoneos*]" = "iPhone Developer";
				COPY_PHASE_STRIP = NO;
				GCC_C_LANGUAGE_STANDARD = gnu99;
				GCC_DYNAMIC_NO_PIC = NO;
				GCC_OPTIMIZATION_LEVEL = 0;
				GCC_PREPROCESSOR_DEFINITIONS = (
					"DEBUG=1",
					"$(inherited)",
				);
				GCC_SYMBOLS_PRIVATE_EXTERN = NO;
				GCC_WARN_ABOUT_RETURN_TYPE = YES;
				GCC_WARN_UNINITIALIZED_AUTOS = YES;
				GCC_WARN_UNUSED_VARIABLE = YES;
				IPHONEOS_DEPLOYMENT_TARGET = 6.1;
				ONLY_ACTIVE_ARCH = YES;
				SCAN_ALL_SOURCE_FILES_FOR_INCLUDES = YES;
				SDKROOT = iphoneos;
			};
			name = Debug;
		};
		7FAB4DD47090289B25D15DD9 /* Debug */ = {
			isa = XCBuildConfiguration;
			buildSettings = {
				GCC_PRECOMPILE_PREFIX_HEADER = YES;
				GCC_PREFIX_HEADER = "DPSocialServices/DPSocialServices-Prefix.pch";
				INFOPLIST_FILE = "DPSocialServices/DPSocialServices-Info.plist";
				PRODUCT_NAME = "$(TARGET_NAME)";
				WRAPPER_EXTENSION = app;
			};
			name = Debug;
		};
/* End XCBuildConfiguration section */

/* Begin XCConfigurationList section */
		7FAB4363E4869DEB43097026 /* Build configuration list for PBXProject "DPSocialServices" */ = {
			isa = XCConfigurationList;
			buildConfigurations = (
				7FAB4AE7E04A458F3EEBAC03 /* Release */,
				7FAB4DB424F86AF4F127FBA5 /* Debug */,
			);
			defaultConfigurationIsVisible = 0;
			defaultConfigurationName = Release;
		};
		7FAB49D76BE67AA4612E7BC3 /* Build configuration list for PBXNativeTarget "DPSocialServices" */ = {
			isa = XCConfigurationList;
			buildConfigurations = (
				7FAB47C2AB9E69564CCB57CD /* Release */,
				7FAB4DD47090289B25D15DD9 /* Debug */,
			);
			defaultConfigurationIsVisible = 0;
		};
/* End XCConfigurationList section */
	};
	rootObject = 7FAB4C1E3995B6BCC053DF2E /* Project object */;
}
