<?xml version="1.0" encoding="UTF-8"?>
<Scheme
   version = "1.3">
   <BuildAction>
      <BuildActionEntries>
         <BuildActionEntry
            buildForRunning = "YES">
            <BuildableReference
               BuildableIdentifier = "primary"
               BlueprintIdentifier = "7FAB44199EB852F9B132C3F4"
               BuildableName = "DPSocialServices.app"
               BlueprintName = "DPSocialServices"
               ReferencedContainer = "container:DPSocialServices.xcodeproj">
            </BuildableReference>
         </BuildActionEntry>
      </BuildActionEntries>
   </BuildAction>
   <LaunchAction
      useCustomWorkingDirectory = "NO"
      buildConfiguration = "Debug">
      <BuildableProductRunnable>
         <BuildableReference
            BuildableIdentifier = "primary"
            BlueprintIdentifier = "7FAB44199EB852F9B132C3F4"
            BuildableName = "DPSocialServices.app"
            BlueprintName = "DPSocialServices"
            ReferencedContainer = "container:DPSocialServices.xcodeproj">
         </BuildableReference>
      </BuildableProductRunnable>
   </LaunchAction>
</Scheme>
