<?xml version="1.0" encoding="UTF-8"?>
<Scheme
   version = "1.3">
   <BuildAction>
      <BuildActionEntries>
         <BuildActionEntry
            buildForRunning = "YES">
            <BuildableReference
               BuildableIdentifier = "primary"
               BlueprintIdentifier = "1A9A07D4F0FE103AD239687B"
               BuildableName = "SocialServicesProject.app"
               BlueprintName = "SocialServicesProject"
               ReferencedContainer = "container:SocialServicesProject.xcodeproj">
            </BuildableReference>
         </BuildActionEntry>
      </BuildActionEntries>
   </BuildAction>
   <LaunchAction
      useCustomWorkingDirectory = "NO"
      buildConfiguration = "Debug">
      <BuildableProductRunnable>
         <BuildableReference
            BuildableIdentifier = "primary"
            BlueprintIdentifier = "1A9A07D4F0FE103AD239687B"
            BuildableName = "SocialServicesProject.app"
            BlueprintName = "SocialServicesProject"
            ReferencedContainer = "container:SocialServicesProject.xcodeproj">
         </BuildableReference>
      </BuildableProductRunnable>
   </LaunchAction>
</Scheme>
